// !$*UTF8*$!
{
	archiveVersion = 1;
	classes = {
	};
	objectVersion = 77;
	objects = {

/* Begin PBXBuildFile section */
		E1491A052EA7F9050071FE6E /* FirebaseAnalytics in Frameworks */ = {isa = PBXBuildFile; productRef = E1491A042EA7F9050071FE6E /* FirebaseAnalytics */; };
		E1491A072EA7F9050071FE6E /* FirebaseAuth in Frameworks */ = {isa = PBXBuildFile; productRef = E1491A062EA7F9050071FE6E /* FirebaseAuth */; };
		E1491A092EA7F9050071FE6E /* FirebaseCrashlytics in Frameworks */ = {isa = PBXBuildFile; productRef = E1491A082EA7F9050071FE6E /* FirebaseCrashlytics */; };
		E1491A0B2EA7F9050071FE6E /* FirebaseFirestore in Frameworks */ = {isa = PBXBuildFile; productRef = E1491A0A2EA7F9050071FE6E /* FirebaseFirestore */; };
		E1491A0D2EA7F9050071FE6E /* FirebaseFunctions in Frameworks */ = {isa = PBXBuildFile; productRef = E1491A0C2EA7F9050071FE6E /* FirebaseFunctions */; };
		E1491A0F2EA7F9050071FE6E /* FirebaseMessaging in Frameworks */ = {isa = PBXBuildFile; productRef = E1491A0E2EA7F9050071FE6E /* FirebaseMessaging */; };
		E1491A112EA7F9050071FE6E /* FirebasePerformance in Frameworks */ = {isa = PBXBuildFile; productRef = E1491A102EA7F9050071FE6E /* FirebasePerformance */; };
		E1491A4A2EA848370071FE6E /* GoogleSignIn in Frameworks */ = {isa = PBXBuildFile; productRef = E1491A492EA848370071FE6E /* GoogleSignIn */; };
		E1491A4C2EA848370071FE6E /* GoogleSignInSwift in Frameworks */ = {isa = PBXBuildFile; productRef = E1491A4B2EA848370071FE6E /* GoogleSignInSwift */; };
		E16CBCD42EA9BDB30020787F /* FirebaseFirestore in Frameworks */ = {isa = PBXBuildFile; productRef = E16CBCD32EA9BDB30020787F /* FirebaseFirestore */; };
		E16CBCD62EA9C3B10020787F /* FirebaseAnalytics in Frameworks */ = {isa = PBXBuildFile; productRef = E16CBCD52EA9C3B10020787F /* FirebaseAnalytics */; };
		E16CBCD82EA9C3B10020787F /* FirebaseAuth in Frameworks */ = {isa = PBXBuildFile; productRef = E16CBCD72EA9C3B10020787F /* FirebaseAuth */; };
		E16CBCDA2EA9C3B10020787F /* FirebaseCrashlytics in Frameworks */ = {isa = PBXBuildFile; productRef = E16CBCD92EA9C3B10020787F /* FirebaseCrashlytics */; };
		E16CBCDC2EA9C3B10020787F /* FirebaseFirestore in Frameworks */ = {isa = PBXBuildFile; productRef = E16CBCDB2EA9C3B10020787F /* FirebaseFirestore */; };
		E16CBCDE2EA9C3B10020787F /* FirebaseFunctions in Frameworks */ = {isa = PBXBuildFile; productRef = E16CBCDD2EA9C3B10020787F /* FirebaseFunctions */; };
		E16CBCE02EA9C3B10020787F /* FirebaseMessaging in Frameworks */ = {isa = PBXBuildFile; productRef = E16CBCDF2EA9C3B10020787F /* FirebaseMessaging */; };
		E16CBCE22EA9C3B10020787F /* FirebasePerformance in Frameworks */ = {isa = PBXBuildFile; productRef = E16CBCE12EA9C3B10020787F /* FirebasePerformance */; };
		E1E36C632EABE7BA004E9376 /* FirebaseStorage in Frameworks */ = {isa = PBXBuildFile; productRef = E1E36C622EABE7BA004E9376 /* FirebaseStorage */; };
/* End PBXBuildFile section */

/* Begin PBXContainerItemProxy section */
		E1E9E7002EA70D42000BD2B8 /* PBXContainerItemProxy */ = {
			isa = PBXContainerItemProxy;
			containerPortal = E1E9E6E82EA70D40000BD2B8 /* Project object */;
			proxyType = 1;
			remoteGlobalIDString = E1E9E6EF2EA70D40000BD2B8;
			remoteInfo = pingrrr;
		};
		E1E9E70A2EA70D42000BD2B8 /* PBXContainerItemProxy */ = {
			isa = PBXContainerItemProxy;
			containerPortal = E1E9E6E82EA70D40000BD2B8 /* Project object */;
			proxyType = 1;
			remoteGlobalIDString = E1E9E6EF2EA70D40000BD2B8;
			remoteInfo = pingrrr;
		};
/* End PBXContainerItemProxy section */

/* Begin PBXFileReference section */
		E1E9E6F02EA70D40000BD2B8 /* pingrrr.app */ = {isa = PBXFileReference; explicitFileType = wrapper.application; includeInIndex = 0; path = pingrrr.app; sourceTree = BUILT_PRODUCTS_DIR; };
		E1E9E6FF2EA70D42000BD2B8 /* pingrrrTests.xctest */ = {isa = PBXFileReference; explicitFileType = wrapper.cfbundle; includeInIndex = 0; path = pingrrrTests.xctest; sourceTree = BUILT_PRODUCTS_DIR; };
		E1E9E7092EA70D42000BD2B8 /* pingrrrUITests.xctest */ = {isa = PBXFileReference; explicitFileType = wrapper.cfbundle; includeInIndex = 0; path = pingrrrUITests.xctest; sourceTree = BUILT_PRODUCTS_DIR; };
/* End PBXFileReference section */

/* Begin PBXFileSystemSynchronizedBuildFileExceptionSet section */
		E16CBCE52EA9CD520020787F /* Exceptions for "pingrrr" folder in "pingrrr" target */ = {
			isa = PBXFileSystemSynchronizedBuildFileExceptionSet;
			membershipExceptions = (
				Info.plist,
			);
			target = E1E9E6EF2EA70D40000BD2B8 /* pingrrr */;
		};
/* End PBXFileSystemSynchronizedBuildFileExceptionSet section */

/* Begin PBXFileSystemSynchronizedRootGroup section */
		E1E9E6F22EA70D40000BD2B8 /* pingrrr */ = {
			isa = PBXFileSystemSynchronizedRootGroup;
			exceptions = (
				E16CBCE52EA9CD520020787F /* Exceptions for "pingrrr" folder in "pingrrr" target */,
			);
			path = pingrrr;
			sourceTree = "<group>";
		};
		E1E9E7022EA70D42000BD2B8 /* pingrrrTests */ = {
			isa = PBXFileSystemSynchronizedRootGroup;
			path = pingrrrTests;
			sourceTree = "<group>";
		};
		E1E9E70C2EA70D42000BD2B8 /* pingrrrUITests */ = {
			isa = PBXFileSystemSynchronizedRootGroup;
			path = pingrrrUITests;
			sourceTree = "<group>";
		};
/* End PBXFileSystemSynchronizedRootGroup section */

/* Begin PBXFrameworksBuildPhase section */
		E1E9E6ED2EA70D40000BD2B8 /* Frameworks */ = {
			isa = PBXFrameworksBuildPhase;
			buildActionMask = 2147483647;
			files = (
				E16CBCE02EA9C3B10020787F /* FirebaseMessaging in Frameworks */,
				E1491A4C2EA848370071FE6E /* GoogleSignInSwift in Frameworks */,
				E1491A052EA7F9050071FE6E /* FirebaseAnalytics in Frameworks */,
				E1491A4A2EA848370071FE6E /* GoogleSignIn in Frameworks */,
				E16CBCD42EA9BDB30020787F /* FirebaseFirestore in Frameworks */,
				E1491A092EA7F9050071FE6E /* FirebaseCrashlytics in Frameworks */,
				E1491A0F2EA7F9050071FE6E /* FirebaseMessaging in Frameworks */,
				E16CBCD62EA9C3B10020787F /* FirebaseAnalytics in Frameworks */,
				E16CBCD82EA9C3B10020787F /* FirebaseAuth in Frameworks */,
				E16CBCE22EA9C3B10020787F /* FirebasePerformance in Frameworks */,
				E1491A072EA7F9050071FE6E /* FirebaseAuth in Frameworks */,
				E1E36C632EABE7BA004E9376 /* FirebaseStorage in Frameworks */,
				E16CBCDA2EA9C3B10020787F /* FirebaseCrashlytics in Frameworks */,
				E1491A0D2EA7F9050071FE6E /* FirebaseFunctions in Frameworks */,
				E1491A0B2EA7F9050071FE6E /* FirebaseFirestore in Frameworks */,
				E16CBCDE2EA9C3B10020787F /* FirebaseFunctions in Frameworks */,
				E1491A112EA7F9050071FE6E /* FirebasePerformance in Frameworks */,
				E16CBCDC2EA9C3B10020787F /* FirebaseFirestore in Frameworks */,
			);
			runOnlyForDeploymentPostprocessing = 0;
		};
		E1E9E6FC2EA70D42000BD2B8 /* Frameworks */ = {
			isa = PBXFrameworksBuildPhase;
			buildActionMask = 2147483647;
			files = (
			);
			runOnlyForDeploymentPostprocessing = 0;
		};
		E1E9E7062EA70D42000BD2B8 /* Frameworks */ = {
			isa = PBXFrameworksBuildPhase;
			buildActionMask = 2147483647;
			files = (
			);
			runOnlyForDeploymentPostprocessing = 0;
		};
/* End PBXFrameworksBuildPhase section */

/* Begin PBXGroup section */
		42E75AB70B3C69F763419A39 /* Pods */ = {
			isa = PBXGroup;
			children = (
			);
			path = Pods;
			sourceTree = "<group>";
		};
		E1E9E6E72EA70D40000BD2B8 = {
			isa = PBXGroup;
			children = (
				E1E9E6F22EA70D40000BD2B8 /* pingrrr */,
				E1E9E7022EA70D42000BD2B8 /* pingrrrTests */,
				E1E9E70C2EA70D42000BD2B8 /* pingrrrUITests */,
				E1E9E6F12EA70D40000BD2B8 /* Products */,
				42E75AB70B3C69F763419A39 /* Pods */,
			);
			sourceTree = "<group>";
		};
		E1E9E6F12EA70D40000BD2B8 /* Products */ = {
			isa = PBXGroup;
			children = (
				E1E9E6F02EA70D40000BD2B8 /* pingrrr.app */,
				E1E9E6FF2EA70D42000BD2B8 /* pingrrrTests.xctest */,
				E1E9E7092EA70D42000BD2B8 /* pingrrrUITests.xctest */,
			);
			name = Products;
			sourceTree = "<group>";
		};
/* End PBXGroup section */

/* Begin PBXNativeTarget section */
		E1E9E6EF2EA70D40000BD2B8 /* pingrrr */ = {
			isa = PBXNativeTarget;
			buildConfigurationList = E1E9E7132EA70D42000BD2B8 /* Build configuration list for PBXNativeTarget "pingrrr" */;
			buildPhases = (
				E1E9E6EC2EA70D40000BD2B8 /* Sources */,
				E1E9E6ED2EA70D40000BD2B8 /* Frameworks */,
				E1E9E6EE2EA70D40000BD2B8 /* Resources */,
			);
			buildRules = (
			);
			dependencies = (
			);
			fileSystemSynchronizedGroups = (
				E1E9E6F22EA70D40000BD2B8 /* pingrrr */,
			);
			name = pingrrr;
			productName = pingrrr;
			productReference = E1E9E6F02EA70D40000BD2B8 /* pingrrr.app */;
			productType = "com.apple.product-type.application";
		};
		E1E9E6FE2EA70D42000BD2B8 /* pingrrrTests */ = {
			isa = PBXNativeTarget;
			buildConfigurationList = E1E9E7162EA70D42000BD2B8 /* Build configuration list for PBXNativeTarget "pingrrrTests" */;
			buildPhases = (
				E1E9E6FB2EA70D42000BD2B8 /* Sources */,
				E1E9E6FC2EA70D42000BD2B8 /* Frameworks */,
				E1E9E6FD2EA70D42000BD2B8 /* Resources */,
			);
			buildRules = (
			);
			dependencies = (
				E1E9E7012EA70D42000BD2B8 /* PBXTargetDependency */,
			);
			fileSystemSynchronizedGroups = (
				E1E9E7022EA70D42000BD2B8 /* pingrrrTests */,
			);
			name = pingrrrTests;
			productName = pingrrrTests;
			productReference = E1E9E6FF2EA70D42000BD2B8 /* pingrrrTests.xctest */;
			productType = "com.apple.product-type.bundle.unit-test";
		};
		E1E9E7082EA70D42000BD2B8 /* pingrrrUITests */ = {
			isa = PBXNativeTarget;
			buildConfigurationList = E1E9E7192EA70D42000BD2B8 /* Build configuration list for PBXNativeTarget "pingrrrUITests" */;
			buildPhases = (
				E1E9E7052EA70D42000BD2B8 /* Sources */,
				E1E9E7062EA70D42000BD2B8 /* Frameworks */,
				E1E9E7072EA70D42000BD2B8 /* Resources */,
			);
			buildRules = (
			);
			dependencies = (
				E1E9E70B2EA70D42000BD2B8 /* PBXTargetDependency */,
			);
			fileSystemSynchronizedGroups = (
				E1E9E70C2EA70D42000BD2B8 /* pingrrrUITests */,
			);
			name = pingrrrUITests;
			productName = pingrrrUITests;
			productReference = E1E9E7092EA70D42000BD2B8 /* pingrrrUITests.xctest */;
			productType = "com.apple.product-type.bundle.ui-testing";
		};
/* End PBXNativeTarget section */

/* Begin PBXProject section */
		E1E9E6E82EA70D40000BD2B8 /* Project object */ = {
			isa = PBXProject;
			attributes = {
				BuildIndependentTargetsInParallel = 1;
				LastSwiftUpdateCheck = 2600;
				LastUpgradeCheck = 2600;
				TargetAttributes = {
					E1E9E6EF2EA70D40000BD2B8 = {
						CreatedOnToolsVersion = 26.0.1;
					};
					E1E9E6FE2EA70D42000BD2B8 = {
						CreatedOnToolsVersion = 26.0.1;
						TestTargetID = E1E9E6EF2EA70D40000BD2B8;
					};
					E1E9E7082EA70D42000BD2B8 = {
						CreatedOnToolsVersion = 26.0.1;
						TestTargetID = E1E9E6EF2EA70D40000BD2B8;
					};
				};
			};
			buildConfigurationList = E1E9E6EB2EA70D40000BD2B8 /* Build configuration list for PBXProject "pingrrr" */;
			developmentRegion = en;
			hasScannedForEncodings = 0;
			knownRegions = (
				en,
				Base,
			);
			mainGroup = E1E9E6E72EA70D40000BD2B8;
			minimizedProjectReferenceProxies = 1;
			packageReferences = (
				E1491A032EA7F9050071FE6E /* XCRemoteSwiftPackageReference "firebase-ios-sdk" */,
				E1491A482EA848370071FE6E /* XCRemoteSwiftPackageReference "GoogleSignIn-iOS" */,
			);
			preferredProjectObjectVersion = 77;
			productRefGroup = E1E9E6F12EA70D40000BD2B8 /* Products */;
			projectDirPath = "";
			projectRoot = "";
			targets = (
				E1E9E6EF2EA70D40000BD2B8 /* pingrrr */,
				E1E9E6FE2EA70D42000BD2B8 /* pingrrrTests */,
				E1E9E7082EA70D42000BD2B8 /* pingrrrUITests */,
			);
		};
/* End PBXProject section */

/* Begin PBXResourcesBuildPhase section */
		E1E9E6EE2EA70D40000BD2B8 /* Resources */ = {
			isa = PBXResourcesBuildPhase;
			buildActionMask = 2147483647;
			files = (
			);
			runOnlyForDeploymentPostprocessing = 0;
		};
		E1E9E6FD2EA70D42000BD2B8 /* Resources */ = {
			isa = PBXResourcesBuildPhase;
			buildActionMask = 2147483647;
			files = (
			);
			runOnlyForDeploymentPostprocessing = 0;
		};
		E1E9E7072EA70D42000BD2B8 /* Resources */ = {
			isa = PBXResourcesBuildPhase;
			buildActionMask = 2147483647;
			files = (
			);
			runOnlyForDeploymentPostprocessing = 0;
		};
/* End PBXResourcesBuildPhase section */

/* Begin PBXSourcesBuildPhase section */
		E1E9E6EC2EA70D40000BD2B8 /* Sources */ = {
			isa = PBXSourcesBuildPhase;
			buildActionMask = 2147483647;
			files = (
			);
			runOnlyForDeploymentPostprocessing = 0;
		};
		E1E9E6FB2EA70D42000BD2B8 /* Sources */ = {
			isa = PBXSourcesBuildPhase;
			buildActionMask = 2147483647;
			files = (
			);
			runOnlyForDeploymentPostprocessing = 0;
		};
		E1E9E7052EA70D42000BD2B8 /* Sources */ = {
			isa = PBXSourcesBuildPhase;
			buildActionMask = 2147483647;
			files = (
			);
			runOnlyForDeploymentPostprocessing = 0;
		};
/* End PBXSourcesBuildPhase section */

/* Begin PBXTargetDependency section */
		E1E9E7012EA70D42000BD2B8 /* PBXTargetDependency */ = {
			isa = PBXTargetDependency;
			target = E1E9E6EF2EA70D40000BD2B8 /* pingrrr */;
			targetProxy = E1E9E7002EA70D42000BD2B8 /* PBXContainerItemProxy */;
		};
		E1E9E70B2EA70D42000BD2B8 /* PBXTargetDependency */ = {
			isa = PBXTargetDependency;
			target = E1E9E6EF2EA70D40000BD2B8 /* pingrrr */;
			targetProxy = E1E9E70A2EA70D42000BD2B8 /* PBXContainerItemProxy */;
		};
/* End PBXTargetDependency section */

/* Begin XCBuildConfiguration section */
		E1E9E7112EA70D42000BD2B8 /* Debug */ = {
			isa = XCBuildConfiguration;
			buildSettings = {
				ALWAYS_SEARCH_USER_PATHS = NO;
				ASSETCATALOG_COMPILER_GENERATE_SWIFT_ASSET_SYMBOL_EXTENSIONS = YES;
				CLANG_ANALYZER_NONNULL = YES;
				CLANG_ANALYZER_NUMBER_OBJECT_CONVERSION = YES_AGGRESSIVE;
				CLANG_CXX_LANGUAGE_STANDARD = "gnu++20";
				CLANG_ENABLE_MODULES = YES;
				CLANG_ENABLE_OBJC_ARC = YES;
				CLANG_ENABLE_OBJC_WEAK = YES;
				CLANG_WARN_BLOCK_CAPTURE_AUTORELEASING = YES;
				CLANG_WARN_BOOL_CONVERSION = YES;
				CLANG_WARN_COMMA = YES;
				CLANG_WARN_CONSTANT_CONVERSION = YES;
				CLANG_WARN_DEPRECATED_OBJC_IMPLEMENTATIONS = YES;
				CLANG_WARN_DIRECT_OBJC_ISA_USAGE = YES_ERROR;
				CLANG_WARN_DOCUMENTATION_COMMENTS = YES;
				CLANG_WARN_EMPTY_BODY = YES;
				CLANG_WARN_ENUM_CONVERSION = YES;
				CLANG_WARN_INFINITE_RECURSION = YES;
				CLANG_WARN_INT_CONVERSION = YES;
				CLANG_WARN_NON_LITERAL_NULL_CONVERSION = YES;
				CLANG_WARN_OBJC_IMPLICIT_RETAIN_SELF = YES;
				CLANG_WARN_OBJC_LITERAL_CONVERSION = YES;
				CLANG_WARN_OBJC_ROOT_CLASS = YES_ERROR;
				CLANG_WARN_QUOTED_INCLUDE_IN_FRAMEWORK_HEADER = YES;
				CLANG_WARN_RANGE_LOOP_ANALYSIS = YES;
				CLANG_WARN_STRICT_PROTOTYPES = YES;
				CLANG_WARN_SUSPICIOUS_MOVE = YES;
				CLANG_WARN_UNGUARDED_AVAILABILITY = YES_AGGRESSIVE;
				CLANG_WARN_UNREACHABLE_CODE = YES;
				CLANG_WARN__DUPLICATE_METHOD_MATCH = YES;
				COPY_PHASE_STRIP = NO;
				DEBUG_INFORMATION_FORMAT = dwarf;
				ENABLE_STRICT_OBJC_MSGSEND = YES;
				ENABLE_TESTABILITY = YES;
				ENABLE_USER_SCRIPT_SANDBOXING = YES;
				GCC_C_LANGUAGE_STANDARD = gnu17;
				GCC_DYNAMIC_NO_PIC = NO;
				GCC_NO_COMMON_BLOCKS = YES;
				GCC_OPTIMIZATION_LEVEL = 0;
				GCC_PREPROCESSOR_DEFINITIONS = (
					"DEBUG=1",
					"$(inherited)",
				);
				GCC_WARN_64_TO_32_BIT_CONVERSION = YES;
				GCC_WARN_ABOUT_RETURN_TYPE = YES_ERROR;
				GCC_WARN_UNDECLARED_SELECTOR = YES;
				GCC_WARN_UNINITIALIZED_AUTOS = YES_AGGRESSIVE;
				GCC_WARN_UNUSED_FUNCTION = YES;
				GCC_WARN_UNUSED_VARIABLE = YES;
				IPHONEOS_DEPLOYMENT_TARGET = 18.0;
				LOCALIZATION_PREFERS_STRING_CATALOGS = YES;
				MTL_ENABLE_DEBUG_INFO = INCLUDE_SOURCE;
				MTL_FAST_MATH = YES;
				ONLY_ACTIVE_ARCH = YES;
				SDKROOT = iphoneos;
				SWIFT_ACTIVE_COMPILATION_CONDITIONS = "DEBUG $(inherited)";
				SWIFT_OPTIMIZATION_LEVEL = "-Onone";
			};
			name = Debug;
		};
		E1E9E7122EA70D42000BD2B8 /* Release */ = {
			isa = XCBuildConfiguration;
			buildSettings = {
				ALWAYS_SEARCH_USER_PATHS = NO;
				ASSETCATALOG_COMPILER_GENERATE_SWIFT_ASSET_SYMBOL_EXTENSIONS = YES;
				CLANG_ANALYZER_NONNULL = YES;
				CLANG_ANALYZER_NUMBER_OBJECT_CONVERSION = YES_AGGRESSIVE;
				CLANG_CXX_LANGUAGE_STANDARD = "gnu++20";
				CLANG_ENABLE_MODULES = YES;
				CLANG_ENABLE_OBJC_ARC = YES;
				CLANG_ENABLE_OBJC_WEAK = YES;
				CLANG_WARN_BLOCK_CAPTURE_AUTORELEASING = YES;
				CLANG_WARN_BOOL_CONVERSION = YES;
				CLANG_WARN_COMMA = YES;
				CLANG_WARN_CONSTANT_CONVERSION = YES;
				CLANG_WARN_DEPRECATED_OBJC_IMPLEMENTATIONS = YES;
				CLANG_WARN_DIRECT_OBJC_ISA_USAGE = YES_ERROR;
				CLANG_WARN_DOCUMENTATION_COMMENTS = YES;
				CLANG_WARN_EMPTY_BODY = YES;
				CLANG_WARN_ENUM_CONVERSION = YES;
				CLANG_WARN_INFINITE_RECURSION = YES;
				CLANG_WARN_INT_CONVERSION = YES;
				CLANG_WARN_NON_LITERAL_NULL_CONVERSION = YES;
				CLANG_WARN_OBJC_IMPLICIT_RETAIN_SELF = YES;
				CLANG_WARN_OBJC_LITERAL_CONVERSION = YES;
				CLANG_WARN_OBJC_ROOT_CLASS = YES_ERROR;
				CLANG_WARN_QUOTED_INCLUDE_IN_FRAMEWORK_HEADER = YES;
				CLANG_WARN_RANGE_LOOP_ANALYSIS = YES;
				CLANG_WARN_STRICT_PROTOTYPES = YES;
				CLANG_WARN_SUSPICIOUS_MOVE = YES;
				CLANG_WARN_UNGUARDED_AVAILABILITY = YES_AGGRESSIVE;
				CLANG_WARN_UNREACHABLE_CODE = YES;
				CLANG_WARN__DUPLICATE_METHOD_MATCH = YES;
				COPY_PHASE_STRIP = NO;
				DEBUG_INFORMATION_FORMAT = "dwarf-with-dsym";
				ENABLE_NS_ASSERTIONS = NO;
				ENABLE_STRICT_OBJC_MSGSEND = YES;
				ENABLE_USER_SCRIPT_SANDBOXING = YES;
				GCC_C_LANGUAGE_STANDARD = gnu17;
				GCC_NO_COMMON_BLOCKS = YES;
				GCC_WARN_64_TO_32_BIT_CONVERSION = YES;
				GCC_WARN_ABOUT_RETURN_TYPE = YES_ERROR;
				GCC_WARN_UNDECLARED_SELECTOR = YES;
				GCC_WARN_UNINITIALIZED_AUTOS = YES_AGGRESSIVE;
				GCC_WARN_UNUSED_FUNCTION = YES;
				GCC_WARN_UNUSED_VARIABLE = YES;
				IPHONEOS_DEPLOYMENT_TARGET = 18.0;
				LOCALIZATION_PREFERS_STRING_CATALOGS = YES;
				MTL_ENABLE_DEBUG_INFO = NO;
				MTL_FAST_MATH = YES;
				SDKROOT = iphoneos;
				SWIFT_COMPILATION_MODE = wholemodule;
				VALIDATE_PRODUCT = YES;
			};
			name = Release;
		};
		E1E9E7142EA70D42000BD2B8 /* Debug */ = {
			isa = XCBuildConfiguration;
			buildSettings = {
				ASSETCATALOG_COMPILER_APPICON_NAME = AppIcon;
				ASSETCATALOG_COMPILER_GLOBAL_ACCENT_COLOR_NAME = AccentColor;
				CODE_SIGN_ENTITLEMENTS = pingrrr/pingrrr.entitlements;
				CODE_SIGN_STYLE = Automatic;
				CURRENT_PROJECT_VERSION = 1;
				DEVELOPMENT_TEAM = 267F24A9K7;
				ENABLE_PREVIEWS = YES;
				GENERATE_INFOPLIST_FILE = NO;
				INFOPLIST_FILE = pingrrr/Info.plist;
				INFOPLIST_KEY_CFBundleDisplayName = Pingrrr;
				INFOPLIST_KEY_LSApplicationCategoryType = "public.app-category.social-networking";
				INFOPLIST_KEY_UIApplicationSceneManifest_Generation = YES;
				INFOPLIST_KEY_UIApplicationSupportsIndirectInputEvents = YES;
				INFOPLIST_KEY_UILaunchScreen_Generation = YES;
				INFOPLIST_KEY_UISupportedInterfaceOrientations_iPad = "UIInterfaceOrientationPortrait UIInterfaceOrientationPortraitUpsideDown UIInterfaceOrientationLandscapeLeft UIInterfaceOrientationLandscapeRight";
				INFOPLIST_KEY_UISupportedInterfaceOrientations_iPhone = "UIInterfaceOrientationPortrait UIInterfaceOrientationLandscapeLeft UIInterfaceOrientationLandscapeRight";
				IPHONEOS_DEPLOYMENT_TARGET = 18.0;
				LD_RUNPATH_SEARCH_PATHS = (
					"$(inherited)",
					"@executable_path/Frameworks",
				);
				MARKETING_VERSION = 1.0;
				NEW_SETTING = "";
				PRODUCT_BUNDLE_IDENTIFIER = com.pingrrr.pingrrr;
				PRODUCT_NAME = "$(TARGET_NAME)";
				STRING_CATALOG_GENERATE_SYMBOLS = YES;
				SWIFT_APPROACHABLE_CONCURRENCY = YES;
				SWIFT_DEFAULT_ACTOR_ISOLATION = MainActor;
				SWIFT_EMIT_LOC_STRINGS = YES;
				SWIFT_UPCOMING_FEATURE_MEMBER_IMPORT_VISIBILITY = YES;
				SWIFT_VERSION = 5.0;
				TARGETED_DEVICE_FAMILY = "1,2";
			};
			name = Debug;
		};
		E1E9E7152EA70D42000BD2B8 /* Release */ = {
			isa = XCBuildConfiguration;
			buildSettings = {
				ASSETCATALOG_COMPILER_APPICON_NAME = AppIcon;
				ASSETCATALOG_COMPILER_GLOBAL_ACCENT_COLOR_NAME = AccentColor;
				CODE_SIGN_ENTITLEMENTS = pingrrr/pingrrr.entitlements;
				CODE_SIGN_STYLE = Automatic;
				CURRENT_PROJECT_VERSION = 1;
				DEVELOPMENT_TEAM = 267F24A9K7;
				ENABLE_PREVIEWS = YES;
				GENERATE_INFOPLIST_FILE = NO;
				INFOPLIST_FILE = pingrrr/Info.plist;
				INFOPLIST_KEY_CFBundleDisplayName = Pingrrr;
				INFOPLIST_KEY_LSApplicationCategoryType = "public.app-category.social-networking";
				INFOPLIST_KEY_UIApplicationSceneManifest_Generation = YES;
				INFOPLIST_KEY_UIApplicationSupportsIndirectInputEvents = YES;
				INFOPLIST_KEY_UILaunchScreen_Generation = YES;
				INFOPLIST_KEY_UISupportedInterfaceOrientations_iPad = "UIInterfaceOrientationPortrait UIInterfaceOrientationPortraitUpsideDown UIInterfaceOrientationLandscapeLeft UIInterfaceOrientationLandscapeRight";
				INFOPLIST_KEY_UISupportedInterfaceOrientations_iPhone = "UIInterfaceOrientationPortrait UIInterfaceOrientationLandscapeLeft UIInterfaceOrientationLandscapeRight";
				IPHONEOS_DEPLOYMENT_TARGET = 18.0;
				LD_RUNPATH_SEARCH_PATHS = (
					"$(inherited)",
					"@executable_path/Frameworks",
				);
				MARKETING_VERSION = 1.0;
				NEW_SETTING = "";
				PRODUCT_BUNDLE_IDENTIFIER = com.pingrrr.pingrrr;
				PRODUCT_NAME = "$(TARGET_NAME)";
				STRING_CATALOG_GENERATE_SYMBOLS = YES;
				SWIFT_APPROACHABLE_CONCURRENCY = YES;
				SWIFT_DEFAULT_ACTOR_ISOLATION = MainActor;
				SWIFT_EMIT_LOC_STRINGS = YES;
				SWIFT_UPCOMING_FEATURE_MEMBER_IMPORT_VISIBILITY = YES;
				SWIFT_VERSION = 5.0;
				TARGETED_DEVICE_FAMILY = "1,2";
			};
			name = Release;
		};
		E1E9E7172EA70D42000BD2B8 /* Debug */ = {
			isa = XCBuildConfiguration;
			buildSettings = {
				BUNDLE_LOADER = "$(TEST_HOST)";
				CODE_SIGN_STYLE = Automatic;
				CURRENT_PROJECT_VERSION = 1;
				INFOPLIST_FILE = pingrrrTests/InfoTests.plist;
				IPHONEOS_DEPLOYMENT_TARGET = 18.0;
				MARKETING_VERSION = 1.0;
				PRODUCT_BUNDLE_IDENTIFIER = com.pingrrr.pingrrrTests;
				PRODUCT_NAME = "$(TARGET_NAME)";
				STRING_CATALOG_GENERATE_SYMBOLS = NO;
				SWIFT_APPROACHABLE_CONCURRENCY = YES;
				SWIFT_EMIT_LOC_STRINGS = NO;
				SWIFT_UPCOMING_FEATURE_MEMBER_IMPORT_VISIBILITY = YES;
				SWIFT_VERSION = 5.0;
				TARGETED_DEVICE_FAMILY = "1,2";
				TEST_HOST = "$(BUILT_PRODUCTS_DIR)/pingrrr.app/$(BUNDLE_EXECUTABLE_FOLDER_PATH)/pingrrr";
			};
			name = Debug;
		};
		E1E9E7182EA70D42000BD2B8 /* Release */ = {
			isa = XCBuildConfiguration;
			buildSettings = {
				BUNDLE_LOADER = "$(TEST_HOST)";
				CODE_SIGN_STYLE = Automatic;
				CURRENT_PROJECT_VERSION = 1;
				INFOPLIST_FILE = pingrrrTests/InfoTests.plist;
				IPHONEOS_DEPLOYMENT_TARGET = 18.0;
				MARKETING_VERSION = 1.0;
				PRODUCT_BUNDLE_IDENTIFIER = com.pingrrr.pingrrrTests;
				PRODUCT_NAME = "$(TARGET_NAME)";
				STRING_CATALOG_GENERATE_SYMBOLS = NO;
				SWIFT_APPROACHABLE_CONCURRENCY = YES;
				SWIFT_EMIT_LOC_STRINGS = NO;
				SWIFT_UPCOMING_FEATURE_MEMBER_IMPORT_VISIBILITY = YES;
				SWIFT_VERSION = 5.0;
				TARGETED_DEVICE_FAMILY = "1,2";
				TEST_HOST = "$(BUILT_PRODUCTS_DIR)/pingrrr.app/$(BUNDLE_EXECUTABLE_FOLDER_PATH)/pingrrr";
			};
			name = Release;
		};
		E1E9E71A2EA70D42000BD2B8 /* Debug */ = {
			isa = XCBuildConfiguration;
			buildSettings = {
				CODE_SIGN_STYLE = Automatic;
				CURRENT_PROJECT_VERSION = 1;
				INFOPLIST_FILE = pingrrrUITests/InfoUITests.plist;
				MARKETING_VERSION = 1.0;
				PRODUCT_BUNDLE_IDENTIFIER = com.pingrrr.pingrrrUITests;
				PRODUCT_NAME = "$(TARGET_NAME)";
				STRING_CATALOG_GENERATE_SYMBOLS = NO;
				SWIFT_APPROACHABLE_CONCURRENCY = YES;
				SWIFT_EMIT_LOC_STRINGS = NO;
				SWIFT_UPCOMING_FEATURE_MEMBER_IMPORT_VISIBILITY = YES;
				SWIFT_VERSION = 5.0;
				TARGETED_DEVICE_FAMILY = "1,2";
				TEST_TARGET_NAME = pingrrr;
			};
			name = Debug;
		};
		E1E9E71B2EA70D42000BD2B8 /* Release */ = {
			isa = XCBuildConfiguration;
			buildSettings = {
				CODE_SIGN_STYLE = Automatic;
				CURRENT_PROJECT_VERSION = 1;
				INFOPLIST_FILE = pingrrrUITests/InfoUITests.plist;
				MARKETING_VERSION = 1.0;
				PRODUCT_BUNDLE_IDENTIFIER = com.pingrrr.pingrrrUITests;
				PRODUCT_NAME = "$(TARGET_NAME)";
				STRING_CATALOG_GENERATE_SYMBOLS = NO;
				SWIFT_APPROACHABLE_CONCURRENCY = YES;
				SWIFT_EMIT_LOC_STRINGS = NO;
				SWIFT_UPCOMING_FEATURE_MEMBER_IMPORT_VISIBILITY = YES;
				SWIFT_VERSION = 5.0;
				TARGETED_DEVICE_FAMILY = "1,2";
				TEST_TARGET_NAME = pingrrr;
			};
			name = Release;
		};
/* End XCBuildConfiguration section */

/* Begin XCConfigurationList section */
		E1E9E6EB2EA70D40000BD2B8 /* Build configuration list for PBXProject "pingrrr" */ = {
			isa = XCConfigurationList;
			buildConfigurations = (
				E1E9E7112EA70D42000BD2B8 /* Debug */,
				E1E9E7122EA70D42000BD2B8 /* Release */,
			);
			defaultConfigurationIsVisible = 0;
			defaultConfigurationName = Release;
		};
		E1E9E7132EA70D42000BD2B8 /* Build configuration list for PBXNativeTarget "pingrrr" */ = {
			isa = XCConfigurationList;
			buildConfigurations = (
				E1E9E7142EA70D42000BD2B8 /* Debug */,
				E1E9E7152EA70D42000BD2B8 /* Release */,
			);
			defaultConfigurationIsVisible = 0;
			defaultConfigurationName = Release;
		};
		E1E9E7162EA70D42000BD2B8 /* Build configuration list for PBXNativeTarget "pingrrrTests" */ = {
			isa = XCConfigurationList;
			buildConfigurations = (
				E1E9E7172EA70D42000BD2B8 /* Debug */,
				E1E9E7182EA70D42000BD2B8 /* Release */,
			);
			defaultConfigurationIsVisible = 0;
			defaultConfigurationName = Release;
		};
		E1E9E7192EA70D42000BD2B8 /* Build configuration list for PBXNativeTarget "pingrrrUITests" */ = {
			isa = XCConfigurationList;
			buildConfigurations = (
				E1E9E71A2EA70D42000BD2B8 /* Debug */,
				E1E9E71B2EA70D42000BD2B8 /* Release */,
			);
			defaultConfigurationIsVisible = 0;
			defaultConfigurationName = Release;
		};
/* End XCConfigurationList section */

/* Begin XCRemoteSwiftPackageReference section */
		E1491A032EA7F9050071FE6E /* XCRemoteSwiftPackageReference "firebase-ios-sdk" */ = {
			isa = XCRemoteSwiftPackageReference;
			repositoryURL = "https://github.com/firebase/firebase-ios-sdk";
			requirement = {
				kind = upToNextMajorVersion;
				minimumVersion = 12.4.0;
			};
		};
		E1491A482EA848370071FE6E /* XCRemoteSwiftPackageReference "GoogleSignIn-iOS" */ = {
			isa = XCRemoteSwiftPackageReference;
			repositoryURL = "https://github.com/google/GoogleSignIn-iOS";
			requirement = {
				kind = upToNextMajorVersion;
				minimumVersion = 9.0.0;
			};
		};
/* End XCRemoteSwiftPackageReference section */

/* Begin XCSwiftPackageProductDependency section */
		E1491A042EA7F9050071FE6E /* FirebaseAnalytics */ = {
			isa = XCSwiftPackageProductDependency;
			package = E1491A032EA7F9050071FE6E /* XCRemoteSwiftPackageReference "firebase-ios-sdk" */;
			productName = FirebaseAnalytics;
		};
		E1491A062EA7F9050071FE6E /* FirebaseAuth */ = {
			isa = XCSwiftPackageProductDependency;
			package = E1491A032EA7F9050071FE6E /* XCRemoteSwiftPackageReference "firebase-ios-sdk" */;
			productName = FirebaseAuth;
		};
		E1491A082EA7F9050071FE6E /* FirebaseCrashlytics */ = {
			isa = XCSwiftPackageProductDependency;
			package = E1491A032EA7F9050071FE6E /* XCRemoteSwiftPackageReference "firebase-ios-sdk" */;
			productName = FirebaseCrashlytics;
		};
		E1491A0A2EA7F9050071FE6E /* FirebaseFirestore */ = {
			isa = XCSwiftPackageProductDependency;
			package = E1491A032EA7F9050071FE6E /* XCRemoteSwiftPackageReference "firebase-ios-sdk" */;
			productName = FirebaseFirestore;
		};
		E1491A0C2EA7F9050071FE6E /* FirebaseFunctions */ = {
			isa = XCSwiftPackageProductDependency;
			package = E1491A032EA7F9050071FE6E /* XCRemoteSwiftPackageReference "firebase-ios-sdk" */;
			productName = FirebaseFunctions;
		};
		E1491A0E2EA7F9050071FE6E /* FirebaseMessaging */ = {
			isa = XCSwiftPackageProductDependency;
			package = E1491A032EA7F9050071FE6E /* XCRemoteSwiftPackageReference "firebase-ios-sdk" */;
			productName = FirebaseMessaging;
		};
		E1491A102EA7F9050071FE6E /* FirebasePerformance */ = {
			isa = XCSwiftPackageProductDependency;
			package = E1491A032EA7F9050071FE6E /* XCRemoteSwiftPackageReference "firebase-ios-sdk" */;
			productName = FirebasePerformance;
		};
		E1491A492EA848370071FE6E /* GoogleSignIn */ = {
			isa = XCSwiftPackageProductDependency;
			package = E1491A482EA848370071FE6E /* XCRemoteSwiftPackageReference "GoogleSignIn-iOS" */;
			productName = GoogleSignIn;
		};
		E1491A4B2EA848370071FE6E /* GoogleSignInSwift */ = {
			isa = XCSwiftPackageProductDependency;
			package = E1491A482EA848370071FE6E /* XCRemoteSwiftPackageReference "GoogleSignIn-iOS" */;
			productName = GoogleSignInSwift;
		};
		E16CBCD32EA9BDB30020787F /* FirebaseFirestore */ = {
			isa = XCSwiftPackageProductDependency;
			package = E1491A032EA7F9050071FE6E /* XCRemoteSwiftPackageReference "firebase-ios-sdk" */;
			productName = FirebaseFirestore;
		};
		E16CBCD52EA9C3B10020787F /* FirebaseAnalytics */ = {
			isa = XCSwiftPackageProductDependency;
			package = E1491A032EA7F9050071FE6E /* XCRemoteSwiftPackageReference "firebase-ios-sdk" */;
			productName = FirebaseAnalytics;
		};
		E16CBCD72EA9C3B10020787F /* FirebaseAuth */ = {
			isa = XCSwiftPackageProductDependency;
			package = E1491A032EA7F9050071FE6E /* XCRemoteSwiftPackageReference "firebase-ios-sdk" */;
			productName = FirebaseAuth;
		};
		E16CBCD92EA9C3B10020787F /* FirebaseCrashlytics */ = {
			isa = XCSwiftPackageProductDependency;
			package = E1491A032EA7F9050071FE6E /* XCRemoteSwiftPackageReference "firebase-ios-sdk" */;
			productName = FirebaseCrashlytics;
		};
		E16CBCDB2EA9C3B10020787F /* FirebaseFirestore */ = {
			isa = XCSwiftPackageProductDependency;
			package = E1491A032EA7F9050071FE6E /* XCRemoteSwiftPackageReference "firebase-ios-sdk" */;
			productName = FirebaseFirestore;
		};
		E16CBCDD2EA9C3B10020787F /* FirebaseFunctions */ = {
			isa = XCSwiftPackageProductDependency;
			package = E1491A032EA7F9050071FE6E /* XCRemoteSwiftPackageReference "firebase-ios-sdk" */;
			productName = FirebaseFunctions;
		};
		E16CBCDF2EA9C3B10020787F /* FirebaseMessaging */ = {
			isa = XCSwiftPackageProductDependency;
			package = E1491A032EA7F9050071FE6E /* XCRemoteSwiftPackageReference "firebase-ios-sdk" */;
			productName = FirebaseMessaging;
		};
		E16CBCE12EA9C3B10020787F /* FirebasePerformance */ = {
			isa = XCSwiftPackageProductDependency;
			package = E1491A032EA7F9050071FE6E /* XCRemoteSwiftPackageReference "firebase-ios-sdk" */;
			productName = FirebasePerformance;
		};
		E1E36C622EABE7BA004E9376 /* FirebaseStorage */ = {
			isa = XCSwiftPackageProductDependency;
			package = E1491A032EA7F9050071FE6E /* XCRemoteSwiftPackageReference "firebase-ios-sdk" */;
			productName = FirebaseStorage;
		};
/* End XCSwiftPackageProductDependency section */
	};
	rootObject = E1E9E6E82EA70D40000BD2B8 /* Project object */;
}
